
Microsoft Visual Studio Solution File, Format Version 12.00
# Visual Studio Version 17
VisualStudioVersion = 17.11.35208.52
MinimumVisualStudioVersion = 10.0.40219.1
Project("{9A19103F-16F7-4668-BE54-9A1E7A4F7556}") = "TicketsADN7", "TicketsADN7.csproj", "{12F7CEEC-FC4C-468E-89FC-77A160561253}"
EndProject
Project("{2150E333-8FDC-42A3-9474-1A3956D46DE8}") = "EMAILSERIVCES", "EMAILSERIVCES", "{0E59A40D-00D1-4888-9309-FBA8577EF4CA}"
EndProject
Project("{9A19103F-16F7-4668-BE54-9A1E7A4F7556}") = "EMAILSERVICES", "EMAILSERVICES\EMAILSERVICES.csproj", "{74F83F66-BF13-4AAB-9719-F33A7D97C9FF}"
EndProject
Project("{2150E333-8FDC-42A3-9474-1A3956D46DE8}") = "WHATSAPPSERVICES", "WHATSAPPSERVICES", "{131ABAD3-CE36-4C37-8460-81734CB89D12}"
EndProject
Project("{9A19103F-16F7-4668-BE54-9A1E7A4F7556}") = "WHATSAPPSERVICES", "WHATSAPPSERVICES\WHATSAPPSERVICES.csproj", "{035C59D3-FAD2-4A5C-8184-3D58E800439A}"
EndProject
Project("{2150E333-8FDC-42A3-9474-1A3956D46DE8}") = "LIBRARY.COMMON", "LIBRARY.COMMON", "{24B895A6-FC4D-48E5-BEAA-F73D9F6E1E1C}"
EndProject
Project("{9A19103F-16F7-4668-BE54-9A1E7A4F7556}") = "LIBRARY.COMMON", "LIBRARY.COMMON\LIBRARY.COMMON.csproj", "{468107AB-EA54-458B-B079-E5A75E6F0768}"
EndProject
Project("{2150E333-8FDC-42A3-9474-1A3956D46DE8}") = "INTELISIS.APPCORE", "INTELISIS.APPCORE", "{0DCE9F26-F44A-485D-8A0F-82A9E4CE2451}"
EndProject
Project("{9A19103F-16F7-4668-BE54-9A1E7A4F7556}") = "INTELISIS.APPCORE.BL", "INTELISIS.APPCORE.BL\INTELISIS.APPCORE.BL.csproj", "{5647EF16-9C88-406D-9FBA-553871B7F685}"
EndProject
Project("{9A19103F-16F7-4668-BE54-9A1E7A4F7556}") = "INTELISIS.APPCORE.DL", "INTELISIS.APPCORE.DL\INTELISIS.APPCORE.DL.csproj", "{59058852-5096-4799-AF8D-5514C333F88E}"
EndProject
Project("{9A19103F-16F7-4668-BE54-9A1E7A4F7556}") = "INTELISIS.APPCORE.EL", "INTELISIS.APPCORE.EL\INTELISIS.APPCORE.EL.csproj", "{C876F769-52CA-45AC-8FE8-A8CA76FE1A19}"
EndProject
Global
	GlobalSection(SolutionConfigurationPlatforms) = preSolution
		Debug|Any CPU = Debug|Any CPU
		Release|Any CPU = Release|Any CPU
	EndGlobalSection
	GlobalSection(ProjectConfigurationPlatforms) = postSolution
		{12F7CEEC-FC4C-468E-89FC-77A160561253}.Debug|Any CPU.ActiveCfg = Debug|Any CPU
		{12F7CEEC-FC4C-468E-89FC-77A160561253}.Debug|Any CPU.Build.0 = Debug|Any CPU
		{12F7CEEC-FC4C-468E-89FC-77A160561253}.Release|Any CPU.ActiveCfg = Release|Any CPU
		{12F7CEEC-FC4C-468E-89FC-77A160561253}.Release|Any CPU.Build.0 = Release|Any CPU
		{74F83F66-BF13-4AAB-9719-F33A7D97C9FF}.Debug|Any CPU.ActiveCfg = Debug|Any CPU
		{74F83F66-BF13-4AAB-9719-F33A7D97C9FF}.Debug|Any CPU.Build.0 = Debug|Any CPU
		{74F83F66-BF13-4AAB-9719-F33A7D97C9FF}.Release|Any CPU.ActiveCfg = Release|Any CPU
		{74F83F66-BF13-4AAB-9719-F33A7D97C9FF}.Release|Any CPU.Build.0 = Release|Any CPU
		{035C59D3-FAD2-4A5C-8184-3D58E800439A}.Debug|Any CPU.ActiveCfg = Debug|Any CPU
		{035C59D3-FAD2-4A5C-8184-3D58E800439A}.Debug|Any CPU.Build.0 = Debug|Any CPU
		{035C59D3-FAD2-4A5C-8184-3D58E800439A}.Release|Any CPU.ActiveCfg = Release|Any CPU
		{035C59D3-FAD2-4A5C-8184-3D58E800439A}.Release|Any CPU.Build.0 = Release|Any CPU
		{468107AB-EA54-458B-B079-E5A75E6F0768}.Debug|Any CPU.ActiveCfg = Debug|Any CPU
		{468107AB-EA54-458B-B079-E5A75E6F0768}.Debug|Any CPU.Build.0 = Debug|Any CPU
		{468107AB-EA54-458B-B079-E5A75E6F0768}.Release|Any CPU.ActiveCfg = Release|Any CPU
		{468107AB-EA54-458B-B079-E5A75E6F0768}.Release|Any CPU.Build.0 = Release|Any CPU
		{5647EF16-9C88-406D-9FBA-553871B7F685}.Debug|Any CPU.ActiveCfg = Debug|Any CPU
		{5647EF16-9C88-406D-9FBA-553871B7F685}.Debug|Any CPU.Build.0 = Debug|Any CPU
		{5647EF16-9C88-406D-9FBA-553871B7F685}.Release|Any CPU.ActiveCfg = Release|Any CPU
		{5647EF16-9C88-406D-9FBA-553871B7F685}.Release|Any CPU.Build.0 = Release|Any CPU
		{59058852-5096-4799-AF8D-5514C333F88E}.Debug|Any CPU.ActiveCfg = Debug|Any CPU
		{59058852-5096-4799-AF8D-5514C333F88E}.Debug|Any CPU.Build.0 = Debug|Any CPU
		{59058852-5096-4799-AF8D-5514C333F88E}.Release|Any CPU.ActiveCfg = Release|Any CPU
		{59058852-5096-4799-AF8D-5514C333F88E}.Release|Any CPU.Build.0 = Release|Any CPU
		{C876F769-52CA-45AC-8FE8-A8CA76FE1A19}.Debug|Any CPU.ActiveCfg = Debug|Any CPU
		{C876F769-52CA-45AC-8FE8-A8CA76FE1A19}.Debug|Any CPU.Build.0 = Debug|Any CPU
		{C876F769-52CA-45AC-8FE8-A8CA76FE1A19}.Release|Any CPU.ActiveCfg = Release|Any CPU
		{C876F769-52CA-45AC-8FE8-A8CA76FE1A19}.Release|Any CPU.Build.0 = Release|Any CPU
	EndGlobalSection
	GlobalSection(SolutionProperties) = preSolution
		HideSolutionNode = FALSE
	EndGlobalSection
	GlobalSection(NestedProjects) = preSolution
		{74F83F66-BF13-4AAB-9719-F33A7D97C9FF} = {0E59A40D-00D1-4888-9309-FBA8577EF4CA}
		{035C59D3-FAD2-4A5C-8184-3D58E800439A} = {131ABAD3-CE36-4C37-8460-81734CB89D12}
		{468107AB-EA54-458B-B079-E5A75E6F0768} = {24B895A6-FC4D-48E5-BEAA-F73D9F6E1E1C}
		{5647EF16-9C88-406D-9FBA-553871B7F685} = {0DCE9F26-F44A-485D-8A0F-82A9E4CE2451}
		{59058852-5096-4799-AF8D-5514C333F88E} = {0DCE9F26-F44A-485D-8A0F-82A9E4CE2451}
		{C876F769-52CA-45AC-8FE8-A8CA76FE1A19} = {0DCE9F26-F44A-485D-8A0F-82A9E4CE2451}
	EndGlobalSection
	GlobalSection(ExtensibilityGlobals) = postSolution
		SolutionGuid = {6BE4F3F1-B9BA-4852-8CE7-2448A3268702}
	EndGlobalSection
EndGlobal
