
Microsoft Visual Studio Solution File, Format Version 12.00
# Visual Studio Version 17
VisualStudioVersion = 17.11.35208.52
MinimumVisualStudioVersion = 10.0.40219.1
Project("{9A19103F-16F7-4668-BE54-9A1E7A4F7556}") = "TicketsADN7", "TicketsADN7.csproj", "{12F7CEEC-FC4C-468E-89FC-77A160561253}"
EndProject
Project("{2150E333-8FDC-42A3-9474-1A3956D46DE8}") = "EMAILSERIVCES", "EMAILSERIVCES", "{0E59A40D-00D1-4888-9309-FBA8577EF4CA}"
EndProject
Project("{2150E333-8FDC-42A3-9474-1A3956D46DE8}") = "WHATSAPPSERVICES", "WHATSAPPSERVICES", "{131ABAD3-CE36-4C37-8460-81734CB89D12}"
EndProject
Project("{2150E333-8FDC-42A3-9474-1A3956D46DE8}") = "LIBRARY.COMMON", "LIBRARY.COMMON", "{24B895A6-FC4D-48E5-BEAA-F73D9F6E1E1C}"
EndProject
Project("{2150E333-8FDC-42A3-9474-1A3956D46DE8}") = "INTELISIS.APPCORE", "INTELISIS.APPCORE", "{0DCE9F26-F44A-485D-8A0F-82A9E4CE2451}"
EndProject
Project("{9A19103F-16F7-4668-BE54-9A1E7A4F7556}") = "EMAILSERVICES", "EMAILSERVICES\EMAILSERVICES.csproj", "{32C779B4-33B8-4A5A-93C4-AE03D2E62DD0}"
EndProject
Project("{9A19103F-16F7-4668-BE54-9A1E7A4F7556}") = "INTELISIS.APPCORE.EL", "INTELISIS.APPCORE.EL\INTELISIS.APPCORE.EL.csproj", "{1283B9E8-39D2-4A61-9BEB-875C60AB77F2}"
EndProject
Project("{9A19103F-16F7-4668-BE54-9A1E7A4F7556}") = "INTELISIS.APPCORE.DL", "INTELISIS.APPCORE.DL\INTELISIS.APPCORE.DL.csproj", "{1E7CE2B7-7248-43CC-A0D3-35976911104D}"
EndProject
Project("{9A19103F-16F7-4668-BE54-9A1E7A4F7556}") = "INTELISIS.APPCORE.BL", "INTELISIS.APPCORE.BL\INTELISIS.APPCORE.BL.csproj", "{31393370-2A2A-476D-A17C-D1161DF7B098}"
EndProject
Project("{9A19103F-16F7-4668-BE54-9A1E7A4F7556}") = "LIBRARY.COMMON", "LIBRARY.COMMON\LIBRARY.COMMON.csproj", "{F511DB47-E275-419A-8ACE-D08B0FC5E815}"
EndProject
Project("{9A19103F-16F7-4668-BE54-9A1E7A4F7556}") = "WHATSAPPSERVICES", "WHATSAPPSERVICES\WHATSAPPSERVICES.csproj", "{C7615CFF-BA70-4828-A128-75E01BD4BF18}"
EndProject
Global
	GlobalSection(SolutionConfigurationPlatforms) = preSolution
		Debug|Any CPU = Debug|Any CPU
		Release|Any CPU = Release|Any CPU
	EndGlobalSection
	GlobalSection(ProjectConfigurationPlatforms) = postSolution
		{12F7CEEC-FC4C-468E-89FC-77A160561253}.Debug|Any CPU.ActiveCfg = Debug|Any CPU
		{12F7CEEC-FC4C-468E-89FC-77A160561253}.Debug|Any CPU.Build.0 = Debug|Any CPU
		{12F7CEEC-FC4C-468E-89FC-77A160561253}.Release|Any CPU.ActiveCfg = Release|Any CPU
		{12F7CEEC-FC4C-468E-89FC-77A160561253}.Release|Any CPU.Build.0 = Release|Any CPU
		{32C779B4-33B8-4A5A-93C4-AE03D2E62DD0}.Debug|Any CPU.ActiveCfg = Debug|Any CPU
		{32C779B4-33B8-4A5A-93C4-AE03D2E62DD0}.Debug|Any CPU.Build.0 = Debug|Any CPU
		{32C779B4-33B8-4A5A-93C4-AE03D2E62DD0}.Release|Any CPU.ActiveCfg = Release|Any CPU
		{32C779B4-33B8-4A5A-93C4-AE03D2E62DD0}.Release|Any CPU.Build.0 = Release|Any CPU
		{1283B9E8-39D2-4A61-9BEB-875C60AB77F2}.Debug|Any CPU.ActiveCfg = Debug|Any CPU
		{1283B9E8-39D2-4A61-9BEB-875C60AB77F2}.Debug|Any CPU.Build.0 = Debug|Any CPU
		{1283B9E8-39D2-4A61-9BEB-875C60AB77F2}.Release|Any CPU.ActiveCfg = Release|Any CPU
		{1283B9E8-39D2-4A61-9BEB-875C60AB77F2}.Release|Any CPU.Build.0 = Release|Any CPU
		{1E7CE2B7-7248-43CC-A0D3-35976911104D}.Debug|Any CPU.ActiveCfg = Debug|Any CPU
		{1E7CE2B7-7248-43CC-A0D3-35976911104D}.Debug|Any CPU.Build.0 = Debug|Any CPU
		{1E7CE2B7-7248-43CC-A0D3-35976911104D}.Release|Any CPU.ActiveCfg = Release|Any CPU
		{1E7CE2B7-7248-43CC-A0D3-35976911104D}.Release|Any CPU.Build.0 = Release|Any CPU
		{31393370-2A2A-476D-A17C-D1161DF7B098}.Debug|Any CPU.ActiveCfg = Debug|Any CPU
		{31393370-2A2A-476D-A17C-D1161DF7B098}.Debug|Any CPU.Build.0 = Debug|Any CPU
		{31393370-2A2A-476D-A17C-D1161DF7B098}.Release|Any CPU.ActiveCfg = Release|Any CPU
		{31393370-2A2A-476D-A17C-D1161DF7B098}.Release|Any CPU.Build.0 = Release|Any CPU
		{F511DB47-E275-419A-8ACE-D08B0FC5E815}.Debug|Any CPU.ActiveCfg = Debug|Any CPU
		{F511DB47-E275-419A-8ACE-D08B0FC5E815}.Debug|Any CPU.Build.0 = Debug|Any CPU
		{F511DB47-E275-419A-8ACE-D08B0FC5E815}.Release|Any CPU.ActiveCfg = Release|Any CPU
		{F511DB47-E275-419A-8ACE-D08B0FC5E815}.Release|Any CPU.Build.0 = Release|Any CPU
		{C7615CFF-BA70-4828-A128-75E01BD4BF18}.Debug|Any CPU.ActiveCfg = Debug|Any CPU
		{C7615CFF-BA70-4828-A128-75E01BD4BF18}.Debug|Any CPU.Build.0 = Debug|Any CPU
		{C7615CFF-BA70-4828-A128-75E01BD4BF18}.Release|Any CPU.ActiveCfg = Release|Any CPU
		{C7615CFF-BA70-4828-A128-75E01BD4BF18}.Release|Any CPU.Build.0 = Release|Any CPU
	EndGlobalSection
	GlobalSection(SolutionProperties) = preSolution
		HideSolutionNode = FALSE
	EndGlobalSection
	GlobalSection(NestedProjects) = preSolution
		{32C779B4-33B8-4A5A-93C4-AE03D2E62DD0} = {0E59A40D-00D1-4888-9309-FBA8577EF4CA}
		{1283B9E8-39D2-4A61-9BEB-875C60AB77F2} = {0DCE9F26-F44A-485D-8A0F-82A9E4CE2451}
		{1E7CE2B7-7248-43CC-A0D3-35976911104D} = {0DCE9F26-F44A-485D-8A0F-82A9E4CE2451}
		{31393370-2A2A-476D-A17C-D1161DF7B098} = {0DCE9F26-F44A-485D-8A0F-82A9E4CE2451}
		{F511DB47-E275-419A-8ACE-D08B0FC5E815} = {24B895A6-FC4D-48E5-BEAA-F73D9F6E1E1C}
		{C7615CFF-BA70-4828-A128-75E01BD4BF18} = {131ABAD3-CE36-4C37-8460-81734CB89D12}
	EndGlobalSection
	GlobalSection(ExtensibilityGlobals) = postSolution
		SolutionGuid = {6BE4F3F1-B9BA-4852-8CE7-2448A3268702}
	EndGlobalSection
EndGlobal
